// !$*UTF8*$!
{
	archiveVersion = 1;
	classes = {
	};
	objectVersion = 46;
	objects = {

/* Begin PBXBuildFile section */
		3CA2861C18C3B09F00370CB2 /* Foundation.framework in Frameworks */ = {isa = PBXBuildFile; fileRef = 3CA2861B18C3B09F00370CB2 /* Foundation.framework */; };
		3CA2861E18C3B09F00370CB2 /* CoreGraphics.framework in Frameworks */ = {isa = PBXBuildFile; fileRef = 3CA2861D18C3B09F00370CB2 /* CoreGraphics.framework */; };
		3CA2862018C3B09F00370CB2 /* UIKit.framework in Frameworks */ = {isa = PBXBuildFile; fileRef = 3CA2861F18C3B09F00370CB2 /* UIKit.framework */; };
		3CA2862618C3B09F00370CB2 /* InfoPlist.strings in Resources */ = {isa = PBXBuildFile; fileRef = 3CA2862418C3B09F00370CB2 /* InfoPlist.strings */; };
		3CA2862818C3B09F00370CB2 /* main.m in Sources */ = {isa = PBXBuildFile; fileRef = 3CA2862718C3B09F00370CB2 /* main.m */; };
		3CA2862C18C3B09F00370CB2 /* BlackjackAppDelegate.m in Sources */ = {isa = PBXBuildFile; fileRef = 3CA2862B18C3B09F00370CB2 /* BlackjackAppDelegate.m */; };
		3CA2862F18C3B0A000370CB2 /* Main.storyboard in Resources */ = {isa = PBXBuildFile; fileRef = 3CA2862D18C3B0A000370CB2 /* Main.storyboard */; };
		3CA2863218C3B0A000370CB2 /* BlackjackViewController.m in Sources */ = {isa = PBXBuildFile; fileRef = 3CA2863118C3B0A000370CB2 /* BlackjackViewController.m */; };
		3CA2863418C3B0A000370CB2 /* Images.xcassets in Resources */ = {isa = PBXBuildFile; fileRef = 3CA2863318C3B0A000370CB2 /* Images.xcassets */; };
		3CA2863B18C3B0A000370CB2 /* XCTest.framework in Frameworks */ = {isa = PBXBuildFile; fileRef = 3CA2863A18C3B0A000370CB2 /* XCTest.framework */; };
		3CA2863C18C3B0A000370CB2 /* Foundation.framework in Frameworks */ = {isa = PBXBuildFile; fileRef = 3CA2861B18C3B09F00370CB2 /* Foundation.framework */; };
		3CA2863D18C3B0A000370CB2 /* UIKit.framework in Frameworks */ = {isa = PBXBuildFile; fileRef = 3CA2861F18C3B09F00370CB2 /* UIKit.framework */; };
		3CA2864518C3B0A000370CB2 /* InfoPlist.strings in Resources */ = {isa = PBXBuildFile; fileRef = 3CA2864318C3B0A000370CB2 /* InfoPlist.strings */; };
		3CA2864718C3B0A000370CB2 /* BlackjackTests.m in Sources */ = {isa = PBXBuildFile; fileRef = 3CA2864618C3B0A000370CB2 /* BlackjackTests.m */; };
		3CA2865E18C60B6A00370CB2 /* Deck.m in Sources */ = {isa = PBXBuildFile; fileRef = 3CA2865D18C60B6A00370CB2 /* Deck.m */; };
		3CA2866118C60E0C00370CB2 /* Card.m in Sources */ = {isa = PBXBuildFile; fileRef = 3CA2866018C60E0C00370CB2 /* Card.m */; };
		3CA2866418C62ABA00370CB2 /* Hand.m in Sources */ = {isa = PBXBuildFile; fileRef = 3CA2866318C62ABA00370CB2 /* Hand.m */; };
		3CA2866718C62D3E00370CB2 /* Blackjack.m in Sources */ = {isa = PBXBuildFile; fileRef = 3CA2866618C62D3E00370CB2 /* Blackjack.m */; };
/* End PBXBuildFile section */

/* Begin PBXContainerItemProxy section */
		3CA2863E18C3B0A000370CB2 /* PBXContainerItemProxy */ = {
			isa = PBXContainerItemProxy;
			containerPortal = 3CA2861018C3B09F00370CB2 /* Project object */;
			proxyType = 1;
			remoteGlobalIDString = 3CA2861718C3B09F00370CB2;
			remoteInfo = Blackjack;
		};
/* End PBXContainerItemProxy section */

/* Begin PBXFileReference section */
		3CA2861818C3B09F00370CB2 /* Blackjack.app */ = {isa = PBXFileReference; explicitFileType = wrapper.application; includeInIndex = 0; path = Blackjack.app; sourceTree = BUILT_PRODUCTS_DIR; };
		3CA2861B18C3B09F00370CB2 /* Foundation.framework */ = {isa = PBXFileReference; lastKnownFileType = wrapper.framework; name = Foundation.framework; path = System/Library/Frameworks/Foundation.framework; sourceTree = SDKROOT; };
		3CA2861D18C3B09F00370CB2 /* CoreGraphics.framework */ = {isa = PBXFileReference; lastKnownFileType = wrapper.framework; name = CoreGraphics.framework; path = System/Library/Frameworks/CoreGraphics.framework; sourceTree = SDKROOT; };
		3CA2861F18C3B09F00370CB2 /* UIKit.framework */ = {isa = PBXFileReference; lastKnownFileType = wrapper.framework; name = UIKit.framework; path = System/Library/Frameworks/UIKit.framework; sourceTree = SDKROOT; };
		3CA2862318C3B09F00370CB2 /* Blackjack-Info.plist */ = {isa = PBXFileReference; lastKnownFileType = text.plist.xml; path = "Blackjack-Info.plist"; sourceTree = "<group>"; };
		3CA2862518C3B09F00370CB2 /* en */ = {isa = PBXFileReference; lastKnownFileType = text.plist.strings; name = en; path = en.lproj/InfoPlist.strings; sourceTree = "<group>"; };
		3CA2862718C3B09F00370CB2 /* main.m */ = {isa = PBXFileReference; lastKnownFileType = sourcecode.c.objc; path = main.m; sourceTree = "<group>"; };
		3CA2862918C3B09F00370CB2 /* Blackjack-Prefix.pch */ = {isa = PBXFileReference; lastKnownFileType = sourcecode.c.h; path = "Blackjack-Prefix.pch"; sourceTree = "<group>"; };
		3CA2862A18C3B09F00370CB2 /* BlackjackAppDelegate.h */ = {isa = PBXFileReference; lastKnownFileType = sourcecode.c.h; path = BlackjackAppDelegate.h; sourceTree = "<group>"; };
		3CA2862B18C3B09F00370CB2 /* BlackjackAppDelegate.m */ = {isa = PBXFileReference; lastKnownFileType = sourcecode.c.objc; path = BlackjackAppDelegate.m; sourceTree = "<group>"; };
		3CA2862E18C3B0A000370CB2 /* Base */ = {isa = PBXFileReference; lastKnownFileType = file.storyboard; name = Base; path = Base.lproj/Main.storyboard; sourceTree = "<group>"; };
		3CA2863018C3B0A000370CB2 /* BlackjackViewController.h */ = {isa = PBXFileReference; lastKnownFileType = sourcecode.c.h; path = BlackjackViewController.h; sourceTree = "<group>"; };
		3CA2863118C3B0A000370CB2 /* BlackjackViewController.m */ = {isa = PBXFileReference; lastKnownFileType = sourcecode.c.objc; path = BlackjackViewController.m; sourceTree = "<group>"; };
		3CA2863318C3B0A000370CB2 /* Images.xcassets */ = {isa = PBXFileReference; lastKnownFileType = folder.assetcatalog; path = Images.xcassets; sourceTree = "<group>"; };
		3CA2863918C3B0A000370CB2 /* BlackjackTests.xctest */ = {isa = PBXFileReference; explicitFileType = wrapper.cfbundle; includeInIndex = 0; path = BlackjackTests.xctest; sourceTree = BUILT_PRODUCTS_DIR; };
		3CA2863A18C3B0A000370CB2 /* XCTest.framework */ = {isa = PBXFileReference; lastKnownFileType = wrapper.framework; name = XCTest.framework; path = Library/Frameworks/XCTest.framework; sourceTree = DEVELOPER_DIR; };
		3CA2864218C3B0A000370CB2 /* BlackjackTests-Info.plist */ = {isa = PBXFileReference; lastKnownFileType = text.plist.xml; path = "BlackjackTests-Info.plist"; sourceTree = "<group>"; };
		3CA2864418C3B0A000370CB2 /* en */ = {isa = PBXFileReference; lastKnownFileType = text.plist.strings; name = en; path = en.lproj/InfoPlist.strings; sourceTree = "<group>"; };
		3CA2864618C3B0A000370CB2 /* BlackjackTests.m */ = {isa = PBXFileReference; lastKnownFileType = sourcecode.c.objc; path = BlackjackTests.m; sourceTree = "<group>"; };
		3CA2865C18C60B6900370CB2 /* Deck.h */ = {isa = PBXFileReference; fileEncoding = 4; lastKnownFileType = sourcecode.c.h; path = Deck.h; sourceTree = "<group>"; };
		3CA2865D18C60B6A00370CB2 /* Deck.m */ = {isa = PBXFileReference; fileEncoding = 4; lastKnownFileType = sourcecode.c.objc; path = Deck.m; sourceTree = "<group>"; };
		3CA2865F18C60E0C00370CB2 /* Card.h */ = {isa = PBXFileReference; fileEncoding = 4; lastKnownFileType = sourcecode.c.h; path = Card.h; sourceTree = "<group>"; };
		3CA2866018C60E0C00370CB2 /* Card.m */ = {isa = PBXFileReference; fileEncoding = 4; lastKnownFileType = sourcecode.c.objc; path = Card.m; sourceTree = "<group>"; };
		3CA2866218C62ABA00370CB2 /* Hand.h */ = {isa = PBXFileReference; fileEncoding = 4; lastKnownFileType = sourcecode.c.h; path = Hand.h; sourceTree = "<group>"; };
		3CA2866318C62ABA00370CB2 /* Hand.m */ = {isa = PBXFileReference; fileEncoding = 4; lastKnownFileType = sourcecode.c.objc; path = Hand.m; sourceTree = "<group>"; };
		3CA2866518C62D3E00370CB2 /* Blackjack.h */ = {isa = PBXFileReference; fileEncoding = 4; lastKnownFileType = sourcecode.c.h; path = Blackjack.h; sourceTree = "<group>"; };
		3CA2866618C62D3E00370CB2 /* Blackjack.m */ = {isa = PBXFileReference; fileEncoding = 4; lastKnownFileType = sourcecode.c.objc; path = Blackjack.m; sourceTree = "<group>"; };
/* End PBXFileReference section */

/* Begin PBXFrameworksBuildPhase section */
		3CA2861518C3B09F00370CB2 /* Frameworks */ = {
			isa = PBXFrameworksBuildPhase;
			buildActionMask = 2147483647;
			files = (
				3CA2861E18C3B09F00370CB2 /* CoreGraphics.framework in Frameworks */,
				3CA2862018C3B09F00370CB2 /* UIKit.framework in Frameworks */,
				3CA2861C18C3B09F00370CB2 /* Foundation.framework in Frameworks */,
			);
			runOnlyForDeploymentPostprocessing = 0;
		};
		3CA2863618C3B0A000370CB2 /* Frameworks */ = {
			isa = PBXFrameworksBuildPhase;
			buildActionMask = 2147483647;
			files = (
				3CA2863B18C3B0A000370CB2 /* XCTest.framework in Frameworks */,
				3CA2863D18C3B0A000370CB2 /* UIKit.framework in Frameworks */,
				3CA2863C18C3B0A000370CB2 /* Foundation.framework in Frameworks */,
			);
			runOnlyForDeploymentPostprocessing = 0;
		};
/* End PBXFrameworksBuildPhase section */

/* Begin PBXGroup section */
		3CA2860F18C3B09F00370CB2 = {
			isa = PBXGroup;
			children = (
				3CA2862118C3B09F00370CB2 /* Blackjack */,
				3CA2864018C3B0A000370CB2 /* BlackjackTests */,
				3CA2861A18C3B09F00370CB2 /* Frameworks */,
				3CA2861918C3B09F00370CB2 /* Products */,
			);
			sourceTree = "<group>";
		};
		3CA2861918C3B09F00370CB2 /* Products */ = {
			isa = PBXGroup;
			children = (
				3CA2861818C3B09F00370CB2 /* Blackjack.app */,
				3CA2863918C3B0A000370CB2 /* BlackjackTests.xctest */,
			);
			name = Products;
			sourceTree = "<group>";
		};
		3CA2861A18C3B09F00370CB2 /* Frameworks */ = {
			isa = PBXGroup;
			children = (
				3CA2861B18C3B09F00370CB2 /* Foundation.framework */,
				3CA2861D18C3B09F00370CB2 /* CoreGraphics.framework */,
				3CA2861F18C3B09F00370CB2 /* UIKit.framework */,
				3CA2863A18C3B0A000370CB2 /* XCTest.framework */,
			);
			name = Frameworks;
			sourceTree = "<group>";
		};
		3CA2862118C3B09F00370CB2 /* Blackjack */ = {
			isa = PBXGroup;
			children = (
				3CA2862A18C3B09F00370CB2 /* BlackjackAppDelegate.h */,
				3CA2862B18C3B09F00370CB2 /* BlackjackAppDelegate.m */,
				3CA2862D18C3B0A000370CB2 /* Main.storyboard */,
				3CA2865C18C60B6900370CB2 /* Deck.h */,
				3CA2865D18C60B6A00370CB2 /* Deck.m */,
				3CA2865F18C60E0C00370CB2 /* Card.h */,
				3CA2866018C60E0C00370CB2 /* Card.m */,
				3CA2866218C62ABA00370CB2 /* Hand.h */,
				3CA2866318C62ABA00370CB2 /* Hand.m */,
				3CA2866518C62D3E00370CB2 /* Blackjack.h */,
				3CA2866618C62D3E00370CB2 /* Blackjack.m */,
				3CA2863018C3B0A000370CB2 /* BlackjackViewController.h */,
				3CA2863118C3B0A000370CB2 /* BlackjackViewController.m */,
				3CA2863318C3B0A000370CB2 /* Images.xcassets */,
				3CA2862218C3B09F00370CB2 /* Supporting Files */,
			);
			path = Blackjack;
			sourceTree = "<group>";
		};
		3CA2862218C3B09F00370CB2 /* Supporting Files */ = {
			isa = PBXGroup;
			children = (
				3CA2862318C3B09F00370CB2 /* Blackjack-Info.plist */,
				3CA2862418C3B09F00370CB2 /* InfoPlist.strings */,
				3CA2862718C3B09F00370CB2 /* main.m */,
				3CA2862918C3B09F00370CB2 /* Blackjack-Prefix.pch */,
			);
			name = "Supporting Files";
			sourceTree = "<group>";
		};
		3CA2864018C3B0A000370CB2 /* BlackjackTests */ = {
			isa = PBXGroup;
			children = (
				3CA2864618C3B0A000370CB2 /* BlackjackTests.m */,
				3CA2864118C3B0A000370CB2 /* Supporting Files */,
			);
			path = BlackjackTests;
			sourceTree = "<group>";
		};
		3CA2864118C3B0A000370CB2 /* Supporting Files */ = {
			isa = PBXGroup;
			children = (
				3CA2864218C3B0A000370CB2 /* BlackjackTests-Info.plist */,
				3CA2864318C3B0A000370CB2 /* InfoPlist.strings */,
			);
			name = "Supporting Files";
			sourceTree = "<group>";
		};
/* End PBXGroup section */

/* Begin PBXNativeTarget section */
		3CA2861718C3B09F00370CB2 /* Blackjack */ = {
			isa = PBXNativeTarget;
			buildConfigurationList = 3CA2864A18C3B0A000370CB2 /* Build configuration list for PBXNativeTarget "Blackjack" */;
			buildPhases = (
				3CA2861418C3B09F00370CB2 /* Sources */,
				3CA2861518C3B09F00370CB2 /* Frameworks */,
				3CA2861618C3B09F00370CB2 /* Resources */,
			);
			buildRules = (
			);
			dependencies = (
			);
			name = Blackjack;
			productName = Blackjack;
			productReference = 3CA2861818C3B09F00370CB2 /* Blackjack.app */;
			productType = "com.apple.product-type.application";
		};
		3CA2863818C3B0A000370CB2 /* BlackjackTests */ = {
			isa = PBXNativeTarget;
			buildConfigurationList = 3CA2864D18C3B0A000370CB2 /* Build configuration list for PBXNativeTarget "BlackjackTests" */;
			buildPhases = (
				3CA2863518C3B0A000370CB2 /* Sources */,
				3CA2863618C3B0A000370CB2 /* Frameworks */,
				3CA2863718C3B0A000370CB2 /* Resources */,
			);
			buildRules = (
			);
			dependencies = (
				3CA2863F18C3B0A000370CB2 /* PBXTargetDependency */,
			);
			name = BlackjackTests;
			productName = BlackjackTests;
			productReference = 3CA2863918C3B0A000370CB2 /* BlackjackTests.xctest */;
			productType = "com.apple.product-type.bundle.unit-test";
		};
/* End PBXNativeTarget section */

/* Begin PBXProject section */
		3CA2861018C3B09F00370CB2 /* Project object */ = {
			isa = PBXProject;
			attributes = {
				CLASSPREFIX = Blackjack;
				LastUpgradeCheck = 0500;
				ORGANIZATIONNAME = "Hasnain Hossain";
				TargetAttributes = {
					3CA2863818C3B0A000370CB2 = {
						TestTargetID = 3CA2861718C3B09F00370CB2;
					};
				};
			};
			buildConfigurationList = 3CA2861318C3B09F00370CB2 /* Build configuration list for PBXProject "Blackjack" */;
			compatibilityVersion = "Xcode 3.2";
			developmentRegion = English;
			hasScannedForEncodings = 0;
			knownRegions = (
				en,
				Base,
			);
			mainGroup = 3CA2860F18C3B09F00370CB2;
			productRefGroup = 3CA2861918C3B09F00370CB2 /* Products */;
			projectDirPath = "";
			projectRoot = "";
			targets = (
				3CA2861718C3B09F00370CB2 /* Blackjack */,
				3CA2863818C3B0A000370CB2 /* BlackjackTests */,
			);
		};
/* End PBXProject section */

/* Begin PBXResourcesBuildPhase section */
		3CA2861618C3B09F00370CB2 /* Resources */ = {
			isa = PBXResourcesBuildPhase;
			buildActionMask = 2147483647;
			files = (
				3CA2863418C3B0A000370CB2 /* Images.xcassets in Resources */,
				3CA2862618C3B09F00370CB2 /* InfoPlist.strings in Resources */,
				3CA2862F18C3B0A000370CB2 /* Main.storyboard in Resources */,
			);
			runOnlyForDeploymentPostprocessing = 0;
		};
		3CA2863718C3B0A000370CB2 /* Resources */ = {
			isa = PBXResourcesBuildPhase;
			buildActionMask = 2147483647;
			files = (
				3CA2864518C3B0A000370CB2 /* InfoPlist.strings in Resources */,
			);
			runOnlyForDeploymentPostprocessing = 0;
		};
/* End PBXResourcesBuildPhase section */

/* Begin PBXSourcesBuildPhase section */
		3CA2861418C3B09F00370CB2 /* Sources */ = {
			isa = PBXSourcesBuildPhase;
			buildActionMask = 2147483647;
			files = (
				3CA2866418C62ABA00370CB2 /* Hand.m in Sources */,
				3CA2866118C60E0C00370CB2 /* Card.m in Sources */,
				3CA2865E18C60B6A00370CB2 /* Deck.m in Sources */,
				3CA2862818C3B09F00370CB2 /* main.m in Sources */,
				3CA2863218C3B0A000370CB2 /* BlackjackViewController.m in Sources */,
				3CA2862C18C3B09F00370CB2 /* BlackjackAppDelegate.m in Sources */,
				3CA2866718C62D3E00370CB2 /* Blackjack.m in Sources */,
			);
			runOnlyForDeploymentPostprocessing = 0;
		};
		3CA2863518C3B0A000370CB2 /* Sources */ = {
			isa = PBXSourcesBuildPhase;
			buildActionMask = 2147483647;
			files = (
				3CA2864718C3B0A000370CB2 /* BlackjackTests.m in Sources */,
			);
			runOnlyForDeploymentPostprocessing = 0;
		};
/* End PBXSourcesBuildPhase section */

/* Begin PBXTargetDependency section */
		3CA2863F18C3B0A000370CB2 /* PBXTargetDependency */ = {
			isa = PBXTargetDependency;
			target = 3CA2861718C3B09F00370CB2 /* Blackjack */;
			targetProxy = 3CA2863E18C3B0A000370CB2 /* PBXContainerItemProxy */;
		};
/* End PBXTargetDependency section */

/* Begin PBXVariantGroup section */
		3CA2862418C3B09F00370CB2 /* InfoPlist.strings */ = {
			isa = PBXVariantGroup;
			children = (
				3CA2862518C3B09F00370CB2 /* en */,
			);
			name = InfoPlist.strings;
			sourceTree = "<group>";
		};
		3CA2862D18C3B0A000370CB2 /* Main.storyboard */ = {
			isa = PBXVariantGroup;
			children = (
				3CA2862E18C3B0A000370CB2 /* Base */,
			);
			name = Main.storyboard;
			sourceTree = "<group>";
		};
		3CA2864318C3B0A000370CB2 /* InfoPlist.strings */ = {
			isa = PBXVariantGroup;
			children = (
				3CA2864418C3B0A000370CB2 /* en */,
			);
			name = InfoPlist.strings;
			sourceTree = "<group>";
		};
/* End PBXVariantGroup section */

/* Begin XCBuildConfiguration section */
		3CA2864818C3B0A000370CB2 /* Debug */ = {
			isa = XCBuildConfiguration;
			buildSettings = {
				ALWAYS_SEARCH_USER_PATHS = NO;
				ARCHS = "$(ARCHS_STANDARD_INCLUDING_64_BIT)";
				CLANG_CXX_LANGUAGE_STANDARD = "gnu++0x";
				CLANG_CXX_LIBRARY = "libc++";
				CLANG_ENABLE_MODULES = YES;
				CLANG_ENABLE_OBJC_ARC = YES;
				CLANG_WARN_BOOL_CONVERSION = YES;
				CLANG_WARN_CONSTANT_CONVERSION = YES;
				CLANG_WARN_DIRECT_OBJC_ISA_USAGE = YES_ERROR;
				CLANG_WARN_EMPTY_BODY = YES;
				CLANG_WARN_ENUM_CONVERSION = YES;
				CLANG_WARN_INT_CONVERSION = YES;
				CLANG_WARN_OBJC_ROOT_CLASS = YES_ERROR;
				CLANG_WARN__DUPLICATE_METHOD_MATCH = YES;
				"CODE_SIGN_IDENTITY[sdk=iphoneos*]" = "iPhone Developer";
				COPY_PHASE_STRIP = NO;
				GCC_C_LANGUAGE_STANDARD = gnu99;
				GCC_DYNAMIC_NO_PIC = NO;
				GCC_OPTIMIZATION_LEVEL = 0;
				GCC_PREPROCESSOR_DEFINITIONS = (
					"DEBUG=1",
					"$(inherited)",
				);
				GCC_SYMBOLS_PRIVATE_EXTERN = NO;
				GCC_WARN_64_TO_32_BIT_CONVERSION = YES;
				GCC_WARN_ABOUT_RETURN_TYPE = YES_ERROR;
				GCC_WARN_UNDECLARED_SELECTOR = YES;
				GCC_WARN_UNINITIALIZED_AUTOS = YES;
				GCC_WARN_UNUSED_FUNCTION = YES;
				GCC_WARN_UNUSED_VARIABLE = YES;
				IPHONEOS_DEPLOYMENT_TARGET = 7.0;
				ONLY_ACTIVE_ARCH = YES;
				SDKROOT = iphoneos;
			};
			name = Debug;
		};
		3CA2864918C3B0A000370CB2 /* Release */ = {
			isa = XCBuildConfiguration;
			buildSettings = {
				ALWAYS_SEARCH_USER_PATHS = NO;
				ARCHS = "$(ARCHS_STANDARD_INCLUDING_64_BIT)";
				CLANG_CXX_LANGUAGE_STANDARD = "gnu++0x";
				CLANG_CXX_LIBRARY = "libc++";
				CLANG_ENABLE_MODULES = YES;
				CLANG_ENABLE_OBJC_ARC = YES;
				CLANG_WARN_BOOL_CONVERSION = YES;
				CLANG_WARN_CONSTANT_CONVERSION = YES;
				CLANG_WARN_DIRECT_OBJC_ISA_USAGE = YES_ERROR;
				CLANG_WARN_EMPTY_BODY = YES;
				CLANG_WARN_ENUM_CONVERSION = YES;
				CLANG_WARN_INT_CONVERSION = YES;
				CLANG_WARN_OBJC_ROOT_CLASS = YES_ERROR;
				CLANG_WARN__DUPLICATE_METHOD_MATCH = YES;
				"CODE_SIGN_IDENTITY[sdk=iphoneos*]" = "iPhone Developer";
				COPY_PHASE_STRIP = YES;
				ENABLE_NS_ASSERTIONS = NO;
				GCC_C_LANGUAGE_STANDARD = gnu99;
				GCC_WARN_64_TO_32_BIT_CONVERSION = YES;
				GCC_WARN_ABOUT_RETURN_TYPE = YES_ERROR;
				GCC_WARN_UNDECLARED_SELECTOR = YES;
				GCC_WARN_UNINITIALIZED_AUTOS = YES;
				GCC_WARN_UNUSED_FUNCTION = YES;
				GCC_WARN_UNUSED_VARIABLE = YES;
				IPHONEOS_DEPLOYMENT_TARGET = 7.0;
				SDKROOT = iphoneos;
				VALIDATE_PRODUCT = YES;
			};
			name = Release;
		};
		3CA2864B18C3B0A000370CB2 /* Debug */ = {
			isa = XCBuildConfiguration;
			buildSettings = {
				ASSETCATALOG_COMPILER_APPICON_NAME = AppIcon;
				ASSETCATALOG_COMPILER_LAUNCHIMAGE_NAME = LaunchImage;
				GCC_PRECOMPILE_PREFIX_HEADER = YES;
				GCC_PREFIX_HEADER = "Blackjack/Blackjack-Prefix.pch";
				INFOPLIST_FILE = "Blackjack/Blackjack-Info.plist";
				PRODUCT_NAME = "$(TARGET_NAME)";
				WRAPPER_EXTENSION = app;
			};
			name = Debug;
		};
		3CA2864C18C3B0A000370CB2 /* Release */ = {
			isa = XCBuildConfiguration;
			buildSettings = {
				ASSETCATALOG_COMPILER_APPICON_NAME = AppIcon;
				ASSETCATALOG_COMPILER_LAUNCHIMAGE_NAME = LaunchImage;
				GCC_PRECOMPILE_PREFIX_HEADER = YES;
				GCC_PREFIX_HEADER = "Blackjack/Blackjack-Prefix.pch";
				INFOPLIST_FILE = "Blackjack/Blackjack-Info.plist";
				PRODUCT_NAME = "$(TARGET_NAME)";
				WRAPPER_EXTENSION = app;
			};
			name = Release;
		};
		3CA2864E18C3B0A000370CB2 /* Debug */ = {
			isa = XCBuildConfiguration;
			buildSettings = {
				ARCHS = "$(ARCHS_STANDARD_INCLUDING_64_BIT)";
				BUNDLE_LOADER = "$(BUILT_PRODUCTS_DIR)/Blackjack.app/Blackjack";
				FRAMEWORK_SEARCH_PATHS = (
					"$(SDKROOT)/Developer/Library/Frameworks",
					"$(inherited)",
					"$(DEVELOPER_FRAMEWORKS_DIR)",
				);
				GCC_PRECOMPILE_PREFIX_HEADER = YES;
				GCC_PREFIX_HEADER = "Blackjack/Blackjack-Prefix.pch";
				GCC_PREPROCESSOR_DEFINITIONS = (
					"DEBUG=1",
					"$(inherited)",
				);
				INFOPLIST_FILE = "BlackjackTests/BlackjackTests-Info.plist";
				PRODUCT_NAME = "$(TARGET_NAME)";
				TEST_HOST = "$(BUNDLE_LOADER)";
				WRAPPER_EXTENSION = xctest;
			};
			name = Debug;
		};
		3CA2864F18C3B0A000370CB2 /* Release */ = {
			isa = XCBuildConfiguration;
			buildSettings = {
				ARCHS = "$(ARCHS_STANDARD_INCLUDING_64_BIT)";
				BUNDLE_LOADER = "$(BUILT_PRODUCTS_DIR)/Blackjack.app/Blackjack";
				FRAMEWORK_SEARCH_PATHS = (
					"$(SDKROOT)/Developer/Library/Frameworks",
					"$(inherited)",
					"$(DEVELOPER_FRAMEWORKS_DIR)",
				);
				GCC_PRECOMPILE_PREFIX_HEADER = YES;
				GCC_PREFIX_HEADER = "Blackjack/Blackjack-Prefix.pch";
				INFOPLIST_FILE = "BlackjackTests/BlackjackTests-Info.plist";
				PRODUCT_NAME = "$(TARGET_NAME)";
				TEST_HOST = "$(BUNDLE_LOADER)";
				WRAPPER_EXTENSION = xctest;
			};
			name = Release;
		};
/* End XCBuildConfiguration section */

/* Begin XCConfigurationList section */
		3CA2861318C3B09F00370CB2 /* Build configuration list for PBXProject "Blackjack" */ = {
			isa = XCConfigurationList;
			buildConfigurations = (
				3CA2864818C3B0A000370CB2 /* Debug */,
				3CA2864918C3B0A000370CB2 /* Release */,
			);
			defaultConfigurationIsVisible = 0;
			defaultConfigurationName = Release;
		};
		3CA2864A18C3B0A000370CB2 /* Build configuration list for PBXNativeTarget "Blackjack" */ = {
			isa = XCConfigurationList;
			buildConfigurations = (
				3CA2864B18C3B0A000370CB2 /* Debug */,
				3CA2864C18C3B0A000370CB2 /* Release */,
			);
			defaultConfigurationIsVisible = 0;
			defaultConfigurationName = Release;
		};
		3CA2864D18C3B0A000370CB2 /* Build configuration list for PBXNativeTarget "BlackjackTests" */ = {
			isa = XCConfigurationList;
			buildConfigurations = (
				3CA2864E18C3B0A000370CB2 /* Debug */,
				3CA2864F18C3B0A000370CB2 /* Release */,
			);
			defaultConfigurationIsVisible = 0;
			defaultConfigurationName = Release;
		};
/* End XCConfigurationList section */
	};
	rootObject = 3CA2861018C3B09F00370CB2 /* Project object */;
}
